
Microsoft Visual Studio Solution File, Format Version 12.00
# Visual Studio Version 17
VisualStudioVersion = 17.2.32630.192
MinimumVisualStudioVersion = 10.0.40219.1
Project("{2150E333-8FDC-42A3-9474-1A3956D46DE8}") = "3MonthsPreperationKit", "3MonthsPreperationKit", "{ECD83C00-B4D5-40C4-BE3D-54AC106D376B}"
EndProject
Project("{2150E333-8FDC-42A3-9474-1A3956D46DE8}") = "1.Easy", "1.Easy", "{D4F6466F-9E17-423C-ADAD-35E1D762AC4D}"
EndProject
Project("{9A19103F-16F7-4668-BE54-9A1E7A4F7556}") = "MiniMaxSum", "3MonthsPreperationKit\Easy\MiniMaxSum\MiniMaxSum.csproj", "{3622C679-34C2-4390-89A9-6FFA3409392B}"
EndProject
Project("{9A19103F-16F7-4668-BE54-9A1E7A4F7556}") = "PlusMinus", "3MonthsPreperationKit\Easy\PlusMinus\PlusMinus.csproj", "{DDA078A2-8E97-4594-9758-8BAE7E696B68}"
EndProject
Project("{9A19103F-16F7-4668-BE54-9A1E7A4F7556}") = "TimeConversion", "3MonthsPreperationKit\Easy\TimeConversion\TimeConversion.csproj", "{8BCBED1A-C05E-4328-BFE9-AA7CE8D9D0CE}"
EndProject
Project("{9A19103F-16F7-4668-BE54-9A1E7A4F7556}") = "BreakingTheRecord", "3MonthsPreperationKit\Easy\BreakingTheRecord\BreakingTheRecord.csproj", "{0106681C-D6C0-48D7-9D74-81CB8CB6E8EF}"
EndProject
Project("{9A19103F-16F7-4668-BE54-9A1E7A4F7556}") = "LonelyInteger", "3MonthsPreperationKit\Easy\LonelyInteger\LonelyInteger.csproj", "{12F4DF80-FC7D-455F-AE8A-81A27FBC0955}"
EndProject
Project("{9A19103F-16F7-4668-BE54-9A1E7A4F7556}") = "GradingStudents", "3MonthsPreperationKit\Easy\GradingStudents\GradingStudents.csproj", "{42763B2C-A7F0-42B5-8FC0-50210B2EDE9E}"
EndProject
Project("{9A19103F-16F7-4668-BE54-9A1E7A4F7556}") = "FlippingBits", "3MonthsPreperationKit\Easy\FlippingBits\FlippingBits.csproj", "{2CE8321F-010F-43D6-9863-25A8F50D0023}"
EndProject
Project("{2150E333-8FDC-42A3-9474-1A3956D46DE8}") = "2.Intermediate", "2.Intermediate", "{A8F55500-5641-4D6A-8B04-873DED3CB42D}"
EndProject
Project("{9A19103F-16F7-4668-BE54-9A1E7A4F7556}") = "DiagonalDifference", "3MonthsPreperationKit\Easy\DiagonalDifference\DiagonalDifference.csproj", "{BF2A1E69-0CD9-486A-B61E-49FCB60208EF}"
EndProject
Project("{9A19103F-16F7-4668-BE54-9A1E7A4F7556}") = "CountingSort1", "3MonthsPreperationKit\Easy\CountingSort1\CountingSort1.csproj", "{A7349371-970A-4886-AF97-B72920091BD8}"
EndProject
Project("{2150E333-8FDC-42A3-9474-1A3956D46DE8}") = "3.Hard", "3.Hard", "{125EAB81-ACB1-40B4-883F-0D4E2F08C376}"
EndProject
Project("{9A19103F-16F7-4668-BE54-9A1E7A4F7556}") = "SparseArrays", "3MonthsPreperationKit\Intermediate\SparseArrays\SparseArrays.csproj", "{01395903-813E-4FDE-8481-D553E61B81D5}"
EndProject
Project("{9A19103F-16F7-4668-BE54-9A1E7A4F7556}") = "CamelCase", "3MonthsPreperationKit\Hard\CamelCase\CamelCase.csproj", "{2D73A8E4-0070-4741-A13F-EF43D5C939EA}"
EndProject
Project("{FAE04EC0-301F-11D3-BF4B-00C04F79EFBC}") = "CountingValley", "3MonthsPreperationKit\Easy\CountingValley\CountingValley.csproj", "{8140A1B6-F9AD-4EB6-BAE3-A1D1ABBAB412}"
EndProject
Project("{FAE04EC0-301F-11D3-BF4B-00C04F79EFBC}") = "Pangrams", "3MonthsPreperationKit\Easy\Pangrams\Pangrams.csproj", "{F039AFA3-1F6D-41EA-9F66-C99B9DB983A2}"
EndProject
Project("{FAE04EC0-301F-11D3-BF4B-00C04F79EFBC}") = "MarsExploration", "3MonthsPreperationKit\Easy\MarsExploration\MarsExploration.csproj", "{A21C9556-BA67-486E-95CE-3C4D2AAED546}"
EndProject
Global
	GlobalSection(SolutionConfigurationPlatforms) = preSolution
		Debug|Any CPU = Debug|Any CPU
		Release|Any CPU = Release|Any CPU
	EndGlobalSection
	GlobalSection(ProjectConfigurationPlatforms) = postSolution
		{3622C679-34C2-4390-89A9-6FFA3409392B}.Debug|Any CPU.ActiveCfg = Debug|Any CPU
		{3622C679-34C2-4390-89A9-6FFA3409392B}.Debug|Any CPU.Build.0 = Debug|Any CPU
		{3622C679-34C2-4390-89A9-6FFA3409392B}.Release|Any CPU.ActiveCfg = Release|Any CPU
		{3622C679-34C2-4390-89A9-6FFA3409392B}.Release|Any CPU.Build.0 = Release|Any CPU
		{DDA078A2-8E97-4594-9758-8BAE7E696B68}.Debug|Any CPU.ActiveCfg = Debug|Any CPU
		{DDA078A2-8E97-4594-9758-8BAE7E696B68}.Debug|Any CPU.Build.0 = Debug|Any CPU
		{DDA078A2-8E97-4594-9758-8BAE7E696B68}.Release|Any CPU.ActiveCfg = Release|Any CPU
		{DDA078A2-8E97-4594-9758-8BAE7E696B68}.Release|Any CPU.Build.0 = Release|Any CPU
		{8BCBED1A-C05E-4328-BFE9-AA7CE8D9D0CE}.Debug|Any CPU.ActiveCfg = Debug|Any CPU
		{8BCBED1A-C05E-4328-BFE9-AA7CE8D9D0CE}.Debug|Any CPU.Build.0 = Debug|Any CPU
		{8BCBED1A-C05E-4328-BFE9-AA7CE8D9D0CE}.Release|Any CPU.ActiveCfg = Release|Any CPU
		{8BCBED1A-C05E-4328-BFE9-AA7CE8D9D0CE}.Release|Any CPU.Build.0 = Release|Any CPU
		{0106681C-D6C0-48D7-9D74-81CB8CB6E8EF}.Debug|Any CPU.ActiveCfg = Debug|Any CPU
		{0106681C-D6C0-48D7-9D74-81CB8CB6E8EF}.Debug|Any CPU.Build.0 = Debug|Any CPU
		{0106681C-D6C0-48D7-9D74-81CB8CB6E8EF}.Release|Any CPU.ActiveCfg = Release|Any CPU
		{0106681C-D6C0-48D7-9D74-81CB8CB6E8EF}.Release|Any CPU.Build.0 = Release|Any CPU
		{12F4DF80-FC7D-455F-AE8A-81A27FBC0955}.Debug|Any CPU.ActiveCfg = Debug|Any CPU
		{12F4DF80-FC7D-455F-AE8A-81A27FBC0955}.Debug|Any CPU.Build.0 = Debug|Any CPU
		{12F4DF80-FC7D-455F-AE8A-81A27FBC0955}.Release|Any CPU.ActiveCfg = Release|Any CPU
		{12F4DF80-FC7D-455F-AE8A-81A27FBC0955}.Release|Any CPU.Build.0 = Release|Any CPU
		{42763B2C-A7F0-42B5-8FC0-50210B2EDE9E}.Debug|Any CPU.ActiveCfg = Debug|Any CPU
		{42763B2C-A7F0-42B5-8FC0-50210B2EDE9E}.Debug|Any CPU.Build.0 = Debug|Any CPU
		{42763B2C-A7F0-42B5-8FC0-50210B2EDE9E}.Release|Any CPU.ActiveCfg = Release|Any CPU
		{42763B2C-A7F0-42B5-8FC0-50210B2EDE9E}.Release|Any CPU.Build.0 = Release|Any CPU
		{2CE8321F-010F-43D6-9863-25A8F50D0023}.Debug|Any CPU.ActiveCfg = Debug|Any CPU
		{2CE8321F-010F-43D6-9863-25A8F50D0023}.Debug|Any CPU.Build.0 = Debug|Any CPU
		{2CE8321F-010F-43D6-9863-25A8F50D0023}.Release|Any CPU.ActiveCfg = Release|Any CPU
		{2CE8321F-010F-43D6-9863-25A8F50D0023}.Release|Any CPU.Build.0 = Release|Any CPU
		{BF2A1E69-0CD9-486A-B61E-49FCB60208EF}.Debug|Any CPU.ActiveCfg = Debug|Any CPU
		{BF2A1E69-0CD9-486A-B61E-49FCB60208EF}.Debug|Any CPU.Build.0 = Debug|Any CPU
		{BF2A1E69-0CD9-486A-B61E-49FCB60208EF}.Release|Any CPU.ActiveCfg = Release|Any CPU
		{BF2A1E69-0CD9-486A-B61E-49FCB60208EF}.Release|Any CPU.Build.0 = Release|Any CPU
		{A7349371-970A-4886-AF97-B72920091BD8}.Debug|Any CPU.ActiveCfg = Debug|Any CPU
		{A7349371-970A-4886-AF97-B72920091BD8}.Debug|Any CPU.Build.0 = Debug|Any CPU
		{A7349371-970A-4886-AF97-B72920091BD8}.Release|Any CPU.ActiveCfg = Release|Any CPU
		{A7349371-970A-4886-AF97-B72920091BD8}.Release|Any CPU.Build.0 = Release|Any CPU
		{01395903-813E-4FDE-8481-D553E61B81D5}.Debug|Any CPU.ActiveCfg = Debug|Any CPU
		{01395903-813E-4FDE-8481-D553E61B81D5}.Debug|Any CPU.Build.0 = Debug|Any CPU
		{01395903-813E-4FDE-8481-D553E61B81D5}.Release|Any CPU.ActiveCfg = Release|Any CPU
		{01395903-813E-4FDE-8481-D553E61B81D5}.Release|Any CPU.Build.0 = Release|Any CPU
		{2D73A8E4-0070-4741-A13F-EF43D5C939EA}.Debug|Any CPU.ActiveCfg = Debug|Any CPU
		{2D73A8E4-0070-4741-A13F-EF43D5C939EA}.Debug|Any CPU.Build.0 = Debug|Any CPU
		{2D73A8E4-0070-4741-A13F-EF43D5C939EA}.Release|Any CPU.ActiveCfg = Release|Any CPU
		{2D73A8E4-0070-4741-A13F-EF43D5C939EA}.Release|Any CPU.Build.0 = Release|Any CPU
		{8140A1B6-F9AD-4EB6-BAE3-A1D1ABBAB412}.Debug|Any CPU.ActiveCfg = Debug|Any CPU
		{8140A1B6-F9AD-4EB6-BAE3-A1D1ABBAB412}.Debug|Any CPU.Build.0 = Debug|Any CPU
		{8140A1B6-F9AD-4EB6-BAE3-A1D1ABBAB412}.Release|Any CPU.ActiveCfg = Release|Any CPU
		{8140A1B6-F9AD-4EB6-BAE3-A1D1ABBAB412}.Release|Any CPU.Build.0 = Release|Any CPU
		{F039AFA3-1F6D-41EA-9F66-C99B9DB983A2}.Debug|Any CPU.ActiveCfg = Debug|Any CPU
		{F039AFA3-1F6D-41EA-9F66-C99B9DB983A2}.Debug|Any CPU.Build.0 = Debug|Any CPU
		{F039AFA3-1F6D-41EA-9F66-C99B9DB983A2}.Release|Any CPU.ActiveCfg = Release|Any CPU
		{F039AFA3-1F6D-41EA-9F66-C99B9DB983A2}.Release|Any CPU.Build.0 = Release|Any CPU
		{A21C9556-BA67-486E-95CE-3C4D2AAED546}.Debug|Any CPU.ActiveCfg = Debug|Any CPU
		{A21C9556-BA67-486E-95CE-3C4D2AAED546}.Debug|Any CPU.Build.0 = Debug|Any CPU
		{A21C9556-BA67-486E-95CE-3C4D2AAED546}.Release|Any CPU.ActiveCfg = Release|Any CPU
		{A21C9556-BA67-486E-95CE-3C4D2AAED546}.Release|Any CPU.Build.0 = Release|Any CPU
	EndGlobalSection
	GlobalSection(SolutionProperties) = preSolution
		HideSolutionNode = FALSE
	EndGlobalSection
	GlobalSection(NestedProjects) = preSolution
		{D4F6466F-9E17-423C-ADAD-35E1D762AC4D} = {ECD83C00-B4D5-40C4-BE3D-54AC106D376B}
		{3622C679-34C2-4390-89A9-6FFA3409392B} = {D4F6466F-9E17-423C-ADAD-35E1D762AC4D}
		{DDA078A2-8E97-4594-9758-8BAE7E696B68} = {D4F6466F-9E17-423C-ADAD-35E1D762AC4D}
		{8BCBED1A-C05E-4328-BFE9-AA7CE8D9D0CE} = {D4F6466F-9E17-423C-ADAD-35E1D762AC4D}
		{0106681C-D6C0-48D7-9D74-81CB8CB6E8EF} = {D4F6466F-9E17-423C-ADAD-35E1D762AC4D}
		{12F4DF80-FC7D-455F-AE8A-81A27FBC0955} = {D4F6466F-9E17-423C-ADAD-35E1D762AC4D}
		{42763B2C-A7F0-42B5-8FC0-50210B2EDE9E} = {D4F6466F-9E17-423C-ADAD-35E1D762AC4D}
		{2CE8321F-010F-43D6-9863-25A8F50D0023} = {D4F6466F-9E17-423C-ADAD-35E1D762AC4D}
		{A8F55500-5641-4D6A-8B04-873DED3CB42D} = {ECD83C00-B4D5-40C4-BE3D-54AC106D376B}
		{BF2A1E69-0CD9-486A-B61E-49FCB60208EF} = {D4F6466F-9E17-423C-ADAD-35E1D762AC4D}
		{A7349371-970A-4886-AF97-B72920091BD8} = {D4F6466F-9E17-423C-ADAD-35E1D762AC4D}
		{125EAB81-ACB1-40B4-883F-0D4E2F08C376} = {ECD83C00-B4D5-40C4-BE3D-54AC106D376B}
		{01395903-813E-4FDE-8481-D553E61B81D5} = {A8F55500-5641-4D6A-8B04-873DED3CB42D}
		{2D73A8E4-0070-4741-A13F-EF43D5C939EA} = {125EAB81-ACB1-40B4-883F-0D4E2F08C376}
		{8140A1B6-F9AD-4EB6-BAE3-A1D1ABBAB412} = {D4F6466F-9E17-423C-ADAD-35E1D762AC4D}
		{F039AFA3-1F6D-41EA-9F66-C99B9DB983A2} = {D4F6466F-9E17-423C-ADAD-35E1D762AC4D}
		{A21C9556-BA67-486E-95CE-3C4D2AAED546} = {D4F6466F-9E17-423C-ADAD-35E1D762AC4D}
	EndGlobalSection
	GlobalSection(ExtensibilityGlobals) = postSolution
		SolutionGuid = {8C82D783-F786-4F47-8225-2B8632B1579E}
	EndGlobalSection
EndGlobal
