
Microsoft Visual Studio Solution File, Format Version 12.00
# Visual Studio Version 17
VisualStudioVersion = 17.2.32630.192
MinimumVisualStudioVersion = 10.0.40219.1
Project("{2150E333-8FDC-42A3-9474-1A3956D46DE8}") = "3MonthsPreperationKit", "3MonthsPreperationKit", "{ECD83C00-B4D5-40C4-BE3D-54AC106D376B}"
EndProject
Project("{2150E333-8FDC-42A3-9474-1A3956D46DE8}") = "1.Easy", "1.Easy", "{D4F6466F-9E17-423C-ADAD-35E1D762AC4D}"
EndProject
Project("{9A19103F-16F7-4668-BE54-9A1E7A4F7556}") = "MiniMaxSum", "3MonthsPreperationKit\Easy\MiniMaxSum\MiniMaxSum.csproj", "{3622C679-34C2-4390-89A9-6FFA3409392B}"
EndProject
Project("{9A19103F-16F7-4668-BE54-9A1E7A4F7556}") = "PlusMinus", "3MonthsPreperationKit\Easy\PlusMinus\PlusMinus.csproj", "{DDA078A2-8E97-4594-9758-8BAE7E696B68}"
EndProject
Project("{9A19103F-16F7-4668-BE54-9A1E7A4F7556}") = "TimeConversion", "3MonthsPreperationKit\Easy\TimeConversion\TimeConversion.csproj", "{8BCBED1A-C05E-4328-BFE9-AA7CE8D9D0CE}"
EndProject
Project("{9A19103F-16F7-4668-BE54-9A1E7A4F7556}") = "BreakingTheRecord", "3MonthsPreperationKit\Easy\BreakingTheRecord\BreakingTheRecord.csproj", "{0106681C-D6C0-48D7-9D74-81CB8CB6E8EF}"
EndProject
Project("{9A19103F-16F7-4668-BE54-9A1E7A4F7556}") = "LonelyInteger", "3MonthsPreperationKit\Easy\LonelyInteger\LonelyInteger.csproj", "{12F4DF80-FC7D-455F-AE8A-81A27FBC0955}"
EndProject
Project("{9A19103F-16F7-4668-BE54-9A1E7A4F7556}") = "GradingStudents", "3MonthsPreperationKit\Easy\GradingStudents\GradingStudents.csproj", "{42763B2C-A7F0-42B5-8FC0-50210B2EDE9E}"
EndProject
Project("{9A19103F-16F7-4668-BE54-9A1E7A4F7556}") = "FlippingBits", "3MonthsPreperationKit\Easy\FlippingBits\FlippingBits.csproj", "{2CE8321F-010F-43D6-9863-25A8F50D0023}"
EndProject
Project("{2150E333-8FDC-42A3-9474-1A3956D46DE8}") = "2.Medium", "2.Medium", "{A8F55500-5641-4D6A-8B04-873DED3CB42D}"
EndProject
Project("{9A19103F-16F7-4668-BE54-9A1E7A4F7556}") = "DiagonalDifference", "3MonthsPreperationKit\Easy\DiagonalDifference\DiagonalDifference.csproj", "{BF2A1E69-0CD9-486A-B61E-49FCB60208EF}"
EndProject
Project("{9A19103F-16F7-4668-BE54-9A1E7A4F7556}") = "CountingSort1", "3MonthsPreperationKit\Easy\CountingSort1\CountingSort1.csproj", "{A7349371-970A-4886-AF97-B72920091BD8}"
EndProject
Project("{2150E333-8FDC-42A3-9474-1A3956D46DE8}") = "3.Hard", "3.Hard", "{125EAB81-ACB1-40B4-883F-0D4E2F08C376}"
EndProject
Project("{9A19103F-16F7-4668-BE54-9A1E7A4F7556}") = "CountingValley", "3MonthsPreperationKit\Easy\CountingValley\CountingValley.csproj", "{8140A1B6-F9AD-4EB6-BAE3-A1D1ABBAB412}"
EndProject
Project("{9A19103F-16F7-4668-BE54-9A1E7A4F7556}") = "Pangrams", "3MonthsPreperationKit\Easy\Pangrams\Pangrams.csproj", "{F039AFA3-1F6D-41EA-9F66-C99B9DB983A2}"
EndProject
Project("{9A19103F-16F7-4668-BE54-9A1E7A4F7556}") = "MarsExploration", "3MonthsPreperationKit\Easy\MarsExploration\MarsExploration.csproj", "{A21C9556-BA67-486E-95CE-3C4D2AAED546}"
EndProject
Project("{9A19103F-16F7-4668-BE54-9A1E7A4F7556}") = "CamelCase4", "3MonthsPreperationKit\Hard\CamelCase4\CamelCase4.csproj", "{2160162A-39DF-4FA3-8F8A-A81E9B5ADBDC}"
EndProject
Project("{9A19103F-16F7-4668-BE54-9A1E7A4F7556}") = "SubarrayDivision2", "3MonthsPreperationKit\Easy\SubarrayDivision2\SubarrayDivision2.csproj", "{B54B7A23-9B77-4DD5-B75A-5778E1D2E501}"
EndProject
Project("{9A19103F-16F7-4668-BE54-9A1E7A4F7556}") = "XORStrings3", "3MonthsPreperationKit\Easy\XORStrings3\XORStrings3.csproj", "{6B4C4E9E-E9F2-40E2-9E2C-E775B48C5956}"
EndProject
Project("{9A19103F-16F7-4668-BE54-9A1E7A4F7556}") = "SalesByMatch", "3MonthsPreperationKit\Easy\SalesByMatch\SalesByMatch.csproj", "{FF4F1F55-932F-4FCB-91DD-3828F43E0106}"
EndProject
Project("{9A19103F-16F7-4668-BE54-9A1E7A4F7556}") = "MigratoryBirds", "3MonthsPreperationKit\Easy\MigratoryBirds\MigratoryBirds.csproj", "{00260169-5CE2-4E66-AA5A-B2DBA2AD923F}"
EndProject
Project("{9A19103F-16F7-4668-BE54-9A1E7A4F7556}") = "MaximumPerimeterTriangle", "3MonthsPreperationKit\Easy\MaximumPerimeterTriangle\MaximumPerimeterTriangle.csproj", "{B7F469DA-FECB-4BC8-8E94-842C54661D1F}"
EndProject
Project("{9A19103F-16F7-4668-BE54-9A1E7A4F7556}") = "DrawingBook", "3MonthsPreperationKit\Easy\DrawingBook\DrawingBook.csproj", "{FAFB3A43-074C-4C2A-964C-D26787F9096B}"
EndProject
Project("{9A19103F-16F7-4668-BE54-9A1E7A4F7556}") = "Week3_BetweenTwoSets", "3MonthsPreperationKit\MockTests\Week3_BetweenTwoSets\Week3_BetweenTwoSets.csproj", "{1E58958A-D5DC-470F-B47A-17E515054ABD}"
EndProject
Project("{9A19103F-16F7-4668-BE54-9A1E7A4F7556}") = "Week2_FlippingTheMatrix", "3MonthsPreperationKit\MockTests\Week2_FlippingTheMatrix\Week2_FlippingTheMatrix.csproj", "{DEAB8955-F325-4928-BE1C-EB4229D21852}"
EndProject
Project("{9A19103F-16F7-4668-BE54-9A1E7A4F7556}") = "Week1_FindTheMedian_Easy", "3MonthsPreperationKit\MockTests\Week1_FindTheMedian\Week1_FindTheMedian_Easy.csproj", "{54E99024-5ECD-4F0B-A617-0CB8A5F7B8F9}"
EndProject
Project("{2150E333-8FDC-42A3-9474-1A3956D46DE8}") = "Mock Tests", "Mock Tests", "{2E4A5C96-E52C-442A-BD50-306911340543}"
EndProject
Project("{9A19103F-16F7-4668-BE54-9A1E7A4F7556}") = "SparseArrays", "3MonthsPreperationKit\Medium\SparseArrays\SparseArrays.csproj", "{42F8002E-5038-4F3E-8C4B-FA74C5131509}"
EndProject
Project("{9A19103F-16F7-4668-BE54-9A1E7A4F7556}") = "ZigZagSequence", "3MonthsPreperationKit\Medium\ZigZagSequence\ZigZagSequence.csproj", "{BE37CAC6-C27B-49CC-B2B0-4C7366679ED5}"
EndProject
Project("{2150E333-8FDC-42A3-9474-1A3956D46DE8}") = "Problem Solving (Basic) Certification Questions", "Problem Solving (Basic) Certification Questions", "{5EB7AD1B-C536-47AC-B7DD-BE777CABCF62}"
EndProject
Project("{9A19103F-16F7-4668-BE54-9A1E7A4F7556}") = "ParallelProcessing", "Problem Solving (Basic) Certification Questions\ParallelProcessing\ParallelProcessing.csproj", "{5A3BFB22-C6EF-4591-9E25-C03526968961}"
EndProject
Project("{9A19103F-16F7-4668-BE54-9A1E7A4F7556}") = "PasswordDecryption", "Problem Solving (Basic) Certification Questions\PasswordDecryption\PasswordDecryption.csproj", "{D6075311-81E4-4E2C-88DD-E7078571F05E}"
EndProject
Project("{9A19103F-16F7-4668-BE54-9A1E7A4F7556}") = "PickingNumbers", "3MonthsPreperationKit\Easy\PickingNumbers\PickingNumbers.csproj", "{25438B8D-60BE-40F7-90AB-AA6ABC9BA167}"
EndProject
Project("{9A19103F-16F7-4668-BE54-9A1E7A4F7556}") = "LeftRotation", "3MonthsPreperationKit\Easy\LeftRotation\LeftRotation.csproj", "{1FCA3877-EDB6-4EAA-8C40-1E55DBDD225E}"
EndProject
Project("{9A19103F-16F7-4668-BE54-9A1E7A4F7556}") = "NumberLineJumps", "3MonthsPreperationKit\Easy\NumberLineJumps\NumberLineJumps.csproj", "{88DD4102-3E32-457D-A3B5-2406FF511B80}"
EndProject
Project("{9A19103F-16F7-4668-BE54-9A1E7A4F7556}") = "AppleAndOrange", "3MonthsPreperationKit\Easy\AppleAndOrange\AppleAndOrange.csproj", "{02C831C2-150C-4118-8594-4BDD6CB3897E}"
EndProject
Project("{FAE04EC0-301F-11D3-BF4B-00C04F79EFBC}") = "SeperateTheNumbers", "3MonthsPreperationKit\Easy\SeperateTheNumbers\SeperateTheNumbers.csproj", "{E0D9C0CA-CAB7-4AE4-BC8C-B8D466105878}"
EndProject
Project("{FAE04EC0-301F-11D3-BF4B-00C04F79EFBC}") = "ClosestNumbers", "3MonthsPreperationKit\Easy\ClosestNumbers\ClosestNumbers.csproj", "{947F9B99-CE7F-48D2-9C9B-96CCC35E72CB}"
EndProject
Project("{FAE04EC0-301F-11D3-BF4B-00C04F79EFBC}") = "TowerBreakers", "3MonthsPreperationKit\Easy\TowerBreakers\TowerBreakers.csproj", "{4C93EF52-2076-49E6-AB69-333F081A2924}"
EndProject
Project("{FAE04EC0-301F-11D3-BF4B-00C04F79EFBC}") = "MiminumAbsoluteDifferenceInAnArray", "3MonthsPreperationKit\Easy\MiminumAbsoluteDifferenceInAnArray\MiminumAbsoluteDifferenceInAnArray.csproj", "{E1A58C3F-4062-4F62-9355-F52631C11FC1}"
EndProject
Project("{FAE04EC0-301F-11D3-BF4B-00C04F79EFBC}") = "CaesarCipher", "3MonthsPreperationKit\Easy\CaesarCipher\CaesarCipher.csproj", "{A9570452-2189-4BC1-9F14-32FD5F19AD83}"
EndProject
Project("{FAE04EC0-301F-11D3-BF4B-00C04F79EFBC}") = "Week4_Anagram", "3MonthsPreperationKit\MockTests\Week4_Anagram\Week4_Anagram.csproj", "{F96B46DA-6982-4427-B272-6218E58576AC}"
EndProject
Project("{FAE04EC0-301F-11D3-BF4B-00C04F79EFBC}") = "MaxMin", "3MonthsPreperationKit\Medium\MaxMin\MaxMin.csproj", "{16C5128A-F0F5-426B-9488-D45FF3FC1589}"
EndProject
Global
	GlobalSection(SolutionConfigurationPlatforms) = preSolution
		Debug|Any CPU = Debug|Any CPU
		Release|Any CPU = Release|Any CPU
	EndGlobalSection
	GlobalSection(ProjectConfigurationPlatforms) = postSolution
		{3622C679-34C2-4390-89A9-6FFA3409392B}.Debug|Any CPU.ActiveCfg = Debug|Any CPU
		{3622C679-34C2-4390-89A9-6FFA3409392B}.Debug|Any CPU.Build.0 = Debug|Any CPU
		{3622C679-34C2-4390-89A9-6FFA3409392B}.Release|Any CPU.ActiveCfg = Release|Any CPU
		{3622C679-34C2-4390-89A9-6FFA3409392B}.Release|Any CPU.Build.0 = Release|Any CPU
		{DDA078A2-8E97-4594-9758-8BAE7E696B68}.Debug|Any CPU.ActiveCfg = Debug|Any CPU
		{DDA078A2-8E97-4594-9758-8BAE7E696B68}.Debug|Any CPU.Build.0 = Debug|Any CPU
		{DDA078A2-8E97-4594-9758-8BAE7E696B68}.Release|Any CPU.ActiveCfg = Release|Any CPU
		{DDA078A2-8E97-4594-9758-8BAE7E696B68}.Release|Any CPU.Build.0 = Release|Any CPU
		{8BCBED1A-C05E-4328-BFE9-AA7CE8D9D0CE}.Debug|Any CPU.ActiveCfg = Debug|Any CPU
		{8BCBED1A-C05E-4328-BFE9-AA7CE8D9D0CE}.Debug|Any CPU.Build.0 = Debug|Any CPU
		{8BCBED1A-C05E-4328-BFE9-AA7CE8D9D0CE}.Release|Any CPU.ActiveCfg = Release|Any CPU
		{8BCBED1A-C05E-4328-BFE9-AA7CE8D9D0CE}.Release|Any CPU.Build.0 = Release|Any CPU
		{0106681C-D6C0-48D7-9D74-81CB8CB6E8EF}.Debug|Any CPU.ActiveCfg = Debug|Any CPU
		{0106681C-D6C0-48D7-9D74-81CB8CB6E8EF}.Debug|Any CPU.Build.0 = Debug|Any CPU
		{0106681C-D6C0-48D7-9D74-81CB8CB6E8EF}.Release|Any CPU.ActiveCfg = Release|Any CPU
		{0106681C-D6C0-48D7-9D74-81CB8CB6E8EF}.Release|Any CPU.Build.0 = Release|Any CPU
		{12F4DF80-FC7D-455F-AE8A-81A27FBC0955}.Debug|Any CPU.ActiveCfg = Debug|Any CPU
		{12F4DF80-FC7D-455F-AE8A-81A27FBC0955}.Debug|Any CPU.Build.0 = Debug|Any CPU
		{12F4DF80-FC7D-455F-AE8A-81A27FBC0955}.Release|Any CPU.ActiveCfg = Release|Any CPU
		{12F4DF80-FC7D-455F-AE8A-81A27FBC0955}.Release|Any CPU.Build.0 = Release|Any CPU
		{42763B2C-A7F0-42B5-8FC0-50210B2EDE9E}.Debug|Any CPU.ActiveCfg = Debug|Any CPU
		{42763B2C-A7F0-42B5-8FC0-50210B2EDE9E}.Debug|Any CPU.Build.0 = Debug|Any CPU
		{42763B2C-A7F0-42B5-8FC0-50210B2EDE9E}.Release|Any CPU.ActiveCfg = Release|Any CPU
		{42763B2C-A7F0-42B5-8FC0-50210B2EDE9E}.Release|Any CPU.Build.0 = Release|Any CPU
		{2CE8321F-010F-43D6-9863-25A8F50D0023}.Debug|Any CPU.ActiveCfg = Debug|Any CPU
		{2CE8321F-010F-43D6-9863-25A8F50D0023}.Debug|Any CPU.Build.0 = Debug|Any CPU
		{2CE8321F-010F-43D6-9863-25A8F50D0023}.Release|Any CPU.ActiveCfg = Release|Any CPU
		{2CE8321F-010F-43D6-9863-25A8F50D0023}.Release|Any CPU.Build.0 = Release|Any CPU
		{BF2A1E69-0CD9-486A-B61E-49FCB60208EF}.Debug|Any CPU.ActiveCfg = Debug|Any CPU
		{BF2A1E69-0CD9-486A-B61E-49FCB60208EF}.Debug|Any CPU.Build.0 = Debug|Any CPU
		{BF2A1E69-0CD9-486A-B61E-49FCB60208EF}.Release|Any CPU.ActiveCfg = Release|Any CPU
		{BF2A1E69-0CD9-486A-B61E-49FCB60208EF}.Release|Any CPU.Build.0 = Release|Any CPU
		{A7349371-970A-4886-AF97-B72920091BD8}.Debug|Any CPU.ActiveCfg = Debug|Any CPU
		{A7349371-970A-4886-AF97-B72920091BD8}.Debug|Any CPU.Build.0 = Debug|Any CPU
		{A7349371-970A-4886-AF97-B72920091BD8}.Release|Any CPU.ActiveCfg = Release|Any CPU
		{A7349371-970A-4886-AF97-B72920091BD8}.Release|Any CPU.Build.0 = Release|Any CPU
		{8140A1B6-F9AD-4EB6-BAE3-A1D1ABBAB412}.Debug|Any CPU.ActiveCfg = Debug|Any CPU
		{8140A1B6-F9AD-4EB6-BAE3-A1D1ABBAB412}.Debug|Any CPU.Build.0 = Debug|Any CPU
		{8140A1B6-F9AD-4EB6-BAE3-A1D1ABBAB412}.Release|Any CPU.ActiveCfg = Release|Any CPU
		{8140A1B6-F9AD-4EB6-BAE3-A1D1ABBAB412}.Release|Any CPU.Build.0 = Release|Any CPU
		{F039AFA3-1F6D-41EA-9F66-C99B9DB983A2}.Debug|Any CPU.ActiveCfg = Debug|Any CPU
		{F039AFA3-1F6D-41EA-9F66-C99B9DB983A2}.Debug|Any CPU.Build.0 = Debug|Any CPU
		{F039AFA3-1F6D-41EA-9F66-C99B9DB983A2}.Release|Any CPU.ActiveCfg = Release|Any CPU
		{F039AFA3-1F6D-41EA-9F66-C99B9DB983A2}.Release|Any CPU.Build.0 = Release|Any CPU
		{A21C9556-BA67-486E-95CE-3C4D2AAED546}.Debug|Any CPU.ActiveCfg = Debug|Any CPU
		{A21C9556-BA67-486E-95CE-3C4D2AAED546}.Debug|Any CPU.Build.0 = Debug|Any CPU
		{A21C9556-BA67-486E-95CE-3C4D2AAED546}.Release|Any CPU.ActiveCfg = Release|Any CPU
		{A21C9556-BA67-486E-95CE-3C4D2AAED546}.Release|Any CPU.Build.0 = Release|Any CPU
		{2160162A-39DF-4FA3-8F8A-A81E9B5ADBDC}.Debug|Any CPU.ActiveCfg = Debug|Any CPU
		{2160162A-39DF-4FA3-8F8A-A81E9B5ADBDC}.Debug|Any CPU.Build.0 = Debug|Any CPU
		{2160162A-39DF-4FA3-8F8A-A81E9B5ADBDC}.Release|Any CPU.ActiveCfg = Release|Any CPU
		{2160162A-39DF-4FA3-8F8A-A81E9B5ADBDC}.Release|Any CPU.Build.0 = Release|Any CPU
		{B54B7A23-9B77-4DD5-B75A-5778E1D2E501}.Debug|Any CPU.ActiveCfg = Debug|Any CPU
		{B54B7A23-9B77-4DD5-B75A-5778E1D2E501}.Debug|Any CPU.Build.0 = Debug|Any CPU
		{B54B7A23-9B77-4DD5-B75A-5778E1D2E501}.Release|Any CPU.ActiveCfg = Release|Any CPU
		{B54B7A23-9B77-4DD5-B75A-5778E1D2E501}.Release|Any CPU.Build.0 = Release|Any CPU
		{6B4C4E9E-E9F2-40E2-9E2C-E775B48C5956}.Debug|Any CPU.ActiveCfg = Debug|Any CPU
		{6B4C4E9E-E9F2-40E2-9E2C-E775B48C5956}.Debug|Any CPU.Build.0 = Debug|Any CPU
		{6B4C4E9E-E9F2-40E2-9E2C-E775B48C5956}.Release|Any CPU.ActiveCfg = Release|Any CPU
		{6B4C4E9E-E9F2-40E2-9E2C-E775B48C5956}.Release|Any CPU.Build.0 = Release|Any CPU
		{FF4F1F55-932F-4FCB-91DD-3828F43E0106}.Debug|Any CPU.ActiveCfg = Debug|Any CPU
		{FF4F1F55-932F-4FCB-91DD-3828F43E0106}.Debug|Any CPU.Build.0 = Debug|Any CPU
		{FF4F1F55-932F-4FCB-91DD-3828F43E0106}.Release|Any CPU.ActiveCfg = Release|Any CPU
		{FF4F1F55-932F-4FCB-91DD-3828F43E0106}.Release|Any CPU.Build.0 = Release|Any CPU
		{00260169-5CE2-4E66-AA5A-B2DBA2AD923F}.Debug|Any CPU.ActiveCfg = Debug|Any CPU
		{00260169-5CE2-4E66-AA5A-B2DBA2AD923F}.Debug|Any CPU.Build.0 = Debug|Any CPU
		{00260169-5CE2-4E66-AA5A-B2DBA2AD923F}.Release|Any CPU.ActiveCfg = Release|Any CPU
		{00260169-5CE2-4E66-AA5A-B2DBA2AD923F}.Release|Any CPU.Build.0 = Release|Any CPU
		{B7F469DA-FECB-4BC8-8E94-842C54661D1F}.Debug|Any CPU.ActiveCfg = Debug|Any CPU
		{B7F469DA-FECB-4BC8-8E94-842C54661D1F}.Debug|Any CPU.Build.0 = Debug|Any CPU
		{B7F469DA-FECB-4BC8-8E94-842C54661D1F}.Release|Any CPU.ActiveCfg = Release|Any CPU
		{B7F469DA-FECB-4BC8-8E94-842C54661D1F}.Release|Any CPU.Build.0 = Release|Any CPU
		{FAFB3A43-074C-4C2A-964C-D26787F9096B}.Debug|Any CPU.ActiveCfg = Debug|Any CPU
		{FAFB3A43-074C-4C2A-964C-D26787F9096B}.Debug|Any CPU.Build.0 = Debug|Any CPU
		{FAFB3A43-074C-4C2A-964C-D26787F9096B}.Release|Any CPU.ActiveCfg = Release|Any CPU
		{FAFB3A43-074C-4C2A-964C-D26787F9096B}.Release|Any CPU.Build.0 = Release|Any CPU
		{1E58958A-D5DC-470F-B47A-17E515054ABD}.Debug|Any CPU.ActiveCfg = Debug|Any CPU
		{1E58958A-D5DC-470F-B47A-17E515054ABD}.Debug|Any CPU.Build.0 = Debug|Any CPU
		{1E58958A-D5DC-470F-B47A-17E515054ABD}.Release|Any CPU.ActiveCfg = Release|Any CPU
		{1E58958A-D5DC-470F-B47A-17E515054ABD}.Release|Any CPU.Build.0 = Release|Any CPU
		{DEAB8955-F325-4928-BE1C-EB4229D21852}.Debug|Any CPU.ActiveCfg = Debug|Any CPU
		{DEAB8955-F325-4928-BE1C-EB4229D21852}.Debug|Any CPU.Build.0 = Debug|Any CPU
		{DEAB8955-F325-4928-BE1C-EB4229D21852}.Release|Any CPU.ActiveCfg = Release|Any CPU
		{DEAB8955-F325-4928-BE1C-EB4229D21852}.Release|Any CPU.Build.0 = Release|Any CPU
		{54E99024-5ECD-4F0B-A617-0CB8A5F7B8F9}.Debug|Any CPU.ActiveCfg = Debug|Any CPU
		{54E99024-5ECD-4F0B-A617-0CB8A5F7B8F9}.Debug|Any CPU.Build.0 = Debug|Any CPU
		{54E99024-5ECD-4F0B-A617-0CB8A5F7B8F9}.Release|Any CPU.ActiveCfg = Release|Any CPU
		{54E99024-5ECD-4F0B-A617-0CB8A5F7B8F9}.Release|Any CPU.Build.0 = Release|Any CPU
		{42F8002E-5038-4F3E-8C4B-FA74C5131509}.Debug|Any CPU.ActiveCfg = Debug|Any CPU
		{42F8002E-5038-4F3E-8C4B-FA74C5131509}.Debug|Any CPU.Build.0 = Debug|Any CPU
		{42F8002E-5038-4F3E-8C4B-FA74C5131509}.Release|Any CPU.ActiveCfg = Release|Any CPU
		{42F8002E-5038-4F3E-8C4B-FA74C5131509}.Release|Any CPU.Build.0 = Release|Any CPU
		{BE37CAC6-C27B-49CC-B2B0-4C7366679ED5}.Debug|Any CPU.ActiveCfg = Debug|Any CPU
		{BE37CAC6-C27B-49CC-B2B0-4C7366679ED5}.Debug|Any CPU.Build.0 = Debug|Any CPU
		{BE37CAC6-C27B-49CC-B2B0-4C7366679ED5}.Release|Any CPU.ActiveCfg = Release|Any CPU
		{BE37CAC6-C27B-49CC-B2B0-4C7366679ED5}.Release|Any CPU.Build.0 = Release|Any CPU
		{5A3BFB22-C6EF-4591-9E25-C03526968961}.Debug|Any CPU.ActiveCfg = Debug|Any CPU
		{5A3BFB22-C6EF-4591-9E25-C03526968961}.Debug|Any CPU.Build.0 = Debug|Any CPU
		{5A3BFB22-C6EF-4591-9E25-C03526968961}.Release|Any CPU.ActiveCfg = Release|Any CPU
		{5A3BFB22-C6EF-4591-9E25-C03526968961}.Release|Any CPU.Build.0 = Release|Any CPU
		{D6075311-81E4-4E2C-88DD-E7078571F05E}.Debug|Any CPU.ActiveCfg = Debug|Any CPU
		{D6075311-81E4-4E2C-88DD-E7078571F05E}.Debug|Any CPU.Build.0 = Debug|Any CPU
		{D6075311-81E4-4E2C-88DD-E7078571F05E}.Release|Any CPU.ActiveCfg = Release|Any CPU
		{D6075311-81E4-4E2C-88DD-E7078571F05E}.Release|Any CPU.Build.0 = Release|Any CPU
		{25438B8D-60BE-40F7-90AB-AA6ABC9BA167}.Debug|Any CPU.ActiveCfg = Debug|Any CPU
		{25438B8D-60BE-40F7-90AB-AA6ABC9BA167}.Debug|Any CPU.Build.0 = Debug|Any CPU
		{25438B8D-60BE-40F7-90AB-AA6ABC9BA167}.Release|Any CPU.ActiveCfg = Release|Any CPU
		{25438B8D-60BE-40F7-90AB-AA6ABC9BA167}.Release|Any CPU.Build.0 = Release|Any CPU
		{1FCA3877-EDB6-4EAA-8C40-1E55DBDD225E}.Debug|Any CPU.ActiveCfg = Debug|Any CPU
		{1FCA3877-EDB6-4EAA-8C40-1E55DBDD225E}.Debug|Any CPU.Build.0 = Debug|Any CPU
		{1FCA3877-EDB6-4EAA-8C40-1E55DBDD225E}.Release|Any CPU.ActiveCfg = Release|Any CPU
		{1FCA3877-EDB6-4EAA-8C40-1E55DBDD225E}.Release|Any CPU.Build.0 = Release|Any CPU
		{88DD4102-3E32-457D-A3B5-2406FF511B80}.Debug|Any CPU.ActiveCfg = Debug|Any CPU
		{88DD4102-3E32-457D-A3B5-2406FF511B80}.Debug|Any CPU.Build.0 = Debug|Any CPU
		{88DD4102-3E32-457D-A3B5-2406FF511B80}.Release|Any CPU.ActiveCfg = Release|Any CPU
		{88DD4102-3E32-457D-A3B5-2406FF511B80}.Release|Any CPU.Build.0 = Release|Any CPU
		{02C831C2-150C-4118-8594-4BDD6CB3897E}.Debug|Any CPU.ActiveCfg = Debug|Any CPU
		{02C831C2-150C-4118-8594-4BDD6CB3897E}.Debug|Any CPU.Build.0 = Debug|Any CPU
		{02C831C2-150C-4118-8594-4BDD6CB3897E}.Release|Any CPU.ActiveCfg = Release|Any CPU
		{02C831C2-150C-4118-8594-4BDD6CB3897E}.Release|Any CPU.Build.0 = Release|Any CPU
		{E0D9C0CA-CAB7-4AE4-BC8C-B8D466105878}.Debug|Any CPU.ActiveCfg = Debug|Any CPU
		{E0D9C0CA-CAB7-4AE4-BC8C-B8D466105878}.Debug|Any CPU.Build.0 = Debug|Any CPU
		{E0D9C0CA-CAB7-4AE4-BC8C-B8D466105878}.Release|Any CPU.ActiveCfg = Release|Any CPU
		{E0D9C0CA-CAB7-4AE4-BC8C-B8D466105878}.Release|Any CPU.Build.0 = Release|Any CPU
		{947F9B99-CE7F-48D2-9C9B-96CCC35E72CB}.Debug|Any CPU.ActiveCfg = Debug|Any CPU
		{947F9B99-CE7F-48D2-9C9B-96CCC35E72CB}.Debug|Any CPU.Build.0 = Debug|Any CPU
		{947F9B99-CE7F-48D2-9C9B-96CCC35E72CB}.Release|Any CPU.ActiveCfg = Release|Any CPU
		{947F9B99-CE7F-48D2-9C9B-96CCC35E72CB}.Release|Any CPU.Build.0 = Release|Any CPU
		{4C93EF52-2076-49E6-AB69-333F081A2924}.Debug|Any CPU.ActiveCfg = Debug|Any CPU
		{4C93EF52-2076-49E6-AB69-333F081A2924}.Debug|Any CPU.Build.0 = Debug|Any CPU
		{4C93EF52-2076-49E6-AB69-333F081A2924}.Release|Any CPU.ActiveCfg = Release|Any CPU
		{4C93EF52-2076-49E6-AB69-333F081A2924}.Release|Any CPU.Build.0 = Release|Any CPU
		{E1A58C3F-4062-4F62-9355-F52631C11FC1}.Debug|Any CPU.ActiveCfg = Debug|Any CPU
		{E1A58C3F-4062-4F62-9355-F52631C11FC1}.Debug|Any CPU.Build.0 = Debug|Any CPU
		{E1A58C3F-4062-4F62-9355-F52631C11FC1}.Release|Any CPU.ActiveCfg = Release|Any CPU
		{E1A58C3F-4062-4F62-9355-F52631C11FC1}.Release|Any CPU.Build.0 = Release|Any CPU
		{A9570452-2189-4BC1-9F14-32FD5F19AD83}.Debug|Any CPU.ActiveCfg = Debug|Any CPU
		{A9570452-2189-4BC1-9F14-32FD5F19AD83}.Debug|Any CPU.Build.0 = Debug|Any CPU
		{A9570452-2189-4BC1-9F14-32FD5F19AD83}.Release|Any CPU.ActiveCfg = Release|Any CPU
		{A9570452-2189-4BC1-9F14-32FD5F19AD83}.Release|Any CPU.Build.0 = Release|Any CPU
		{F96B46DA-6982-4427-B272-6218E58576AC}.Debug|Any CPU.ActiveCfg = Debug|Any CPU
		{F96B46DA-6982-4427-B272-6218E58576AC}.Debug|Any CPU.Build.0 = Debug|Any CPU
		{F96B46DA-6982-4427-B272-6218E58576AC}.Release|Any CPU.ActiveCfg = Release|Any CPU
		{F96B46DA-6982-4427-B272-6218E58576AC}.Release|Any CPU.Build.0 = Release|Any CPU
		{16C5128A-F0F5-426B-9488-D45FF3FC1589}.Debug|Any CPU.ActiveCfg = Debug|Any CPU
		{16C5128A-F0F5-426B-9488-D45FF3FC1589}.Debug|Any CPU.Build.0 = Debug|Any CPU
		{16C5128A-F0F5-426B-9488-D45FF3FC1589}.Release|Any CPU.ActiveCfg = Release|Any CPU
		{16C5128A-F0F5-426B-9488-D45FF3FC1589}.Release|Any CPU.Build.0 = Release|Any CPU
	EndGlobalSection
	GlobalSection(SolutionProperties) = preSolution
		HideSolutionNode = FALSE
	EndGlobalSection
	GlobalSection(NestedProjects) = preSolution
		{D4F6466F-9E17-423C-ADAD-35E1D762AC4D} = {ECD83C00-B4D5-40C4-BE3D-54AC106D376B}
		{3622C679-34C2-4390-89A9-6FFA3409392B} = {D4F6466F-9E17-423C-ADAD-35E1D762AC4D}
		{DDA078A2-8E97-4594-9758-8BAE7E696B68} = {D4F6466F-9E17-423C-ADAD-35E1D762AC4D}
		{8BCBED1A-C05E-4328-BFE9-AA7CE8D9D0CE} = {D4F6466F-9E17-423C-ADAD-35E1D762AC4D}
		{0106681C-D6C0-48D7-9D74-81CB8CB6E8EF} = {D4F6466F-9E17-423C-ADAD-35E1D762AC4D}
		{12F4DF80-FC7D-455F-AE8A-81A27FBC0955} = {D4F6466F-9E17-423C-ADAD-35E1D762AC4D}
		{42763B2C-A7F0-42B5-8FC0-50210B2EDE9E} = {D4F6466F-9E17-423C-ADAD-35E1D762AC4D}
		{2CE8321F-010F-43D6-9863-25A8F50D0023} = {D4F6466F-9E17-423C-ADAD-35E1D762AC4D}
		{A8F55500-5641-4D6A-8B04-873DED3CB42D} = {ECD83C00-B4D5-40C4-BE3D-54AC106D376B}
		{BF2A1E69-0CD9-486A-B61E-49FCB60208EF} = {D4F6466F-9E17-423C-ADAD-35E1D762AC4D}
		{A7349371-970A-4886-AF97-B72920091BD8} = {D4F6466F-9E17-423C-ADAD-35E1D762AC4D}
		{125EAB81-ACB1-40B4-883F-0D4E2F08C376} = {ECD83C00-B4D5-40C4-BE3D-54AC106D376B}
		{8140A1B6-F9AD-4EB6-BAE3-A1D1ABBAB412} = {D4F6466F-9E17-423C-ADAD-35E1D762AC4D}
		{F039AFA3-1F6D-41EA-9F66-C99B9DB983A2} = {D4F6466F-9E17-423C-ADAD-35E1D762AC4D}
		{A21C9556-BA67-486E-95CE-3C4D2AAED546} = {D4F6466F-9E17-423C-ADAD-35E1D762AC4D}
		{2160162A-39DF-4FA3-8F8A-A81E9B5ADBDC} = {125EAB81-ACB1-40B4-883F-0D4E2F08C376}
		{B54B7A23-9B77-4DD5-B75A-5778E1D2E501} = {D4F6466F-9E17-423C-ADAD-35E1D762AC4D}
		{6B4C4E9E-E9F2-40E2-9E2C-E775B48C5956} = {D4F6466F-9E17-423C-ADAD-35E1D762AC4D}
		{FF4F1F55-932F-4FCB-91DD-3828F43E0106} = {D4F6466F-9E17-423C-ADAD-35E1D762AC4D}
		{00260169-5CE2-4E66-AA5A-B2DBA2AD923F} = {D4F6466F-9E17-423C-ADAD-35E1D762AC4D}
		{B7F469DA-FECB-4BC8-8E94-842C54661D1F} = {D4F6466F-9E17-423C-ADAD-35E1D762AC4D}
		{FAFB3A43-074C-4C2A-964C-D26787F9096B} = {D4F6466F-9E17-423C-ADAD-35E1D762AC4D}
		{1E58958A-D5DC-470F-B47A-17E515054ABD} = {2E4A5C96-E52C-442A-BD50-306911340543}
		{DEAB8955-F325-4928-BE1C-EB4229D21852} = {2E4A5C96-E52C-442A-BD50-306911340543}
		{54E99024-5ECD-4F0B-A617-0CB8A5F7B8F9} = {2E4A5C96-E52C-442A-BD50-306911340543}
		{2E4A5C96-E52C-442A-BD50-306911340543} = {ECD83C00-B4D5-40C4-BE3D-54AC106D376B}
		{42F8002E-5038-4F3E-8C4B-FA74C5131509} = {A8F55500-5641-4D6A-8B04-873DED3CB42D}
		{BE37CAC6-C27B-49CC-B2B0-4C7366679ED5} = {A8F55500-5641-4D6A-8B04-873DED3CB42D}
		{5A3BFB22-C6EF-4591-9E25-C03526968961} = {5EB7AD1B-C536-47AC-B7DD-BE777CABCF62}
		{D6075311-81E4-4E2C-88DD-E7078571F05E} = {5EB7AD1B-C536-47AC-B7DD-BE777CABCF62}
		{25438B8D-60BE-40F7-90AB-AA6ABC9BA167} = {D4F6466F-9E17-423C-ADAD-35E1D762AC4D}
		{1FCA3877-EDB6-4EAA-8C40-1E55DBDD225E} = {D4F6466F-9E17-423C-ADAD-35E1D762AC4D}
		{88DD4102-3E32-457D-A3B5-2406FF511B80} = {D4F6466F-9E17-423C-ADAD-35E1D762AC4D}
		{02C831C2-150C-4118-8594-4BDD6CB3897E} = {D4F6466F-9E17-423C-ADAD-35E1D762AC4D}
		{E0D9C0CA-CAB7-4AE4-BC8C-B8D466105878} = {D4F6466F-9E17-423C-ADAD-35E1D762AC4D}
		{947F9B99-CE7F-48D2-9C9B-96CCC35E72CB} = {D4F6466F-9E17-423C-ADAD-35E1D762AC4D}
		{4C93EF52-2076-49E6-AB69-333F081A2924} = {D4F6466F-9E17-423C-ADAD-35E1D762AC4D}
		{E1A58C3F-4062-4F62-9355-F52631C11FC1} = {D4F6466F-9E17-423C-ADAD-35E1D762AC4D}
		{A9570452-2189-4BC1-9F14-32FD5F19AD83} = {D4F6466F-9E17-423C-ADAD-35E1D762AC4D}
		{F96B46DA-6982-4427-B272-6218E58576AC} = {2E4A5C96-E52C-442A-BD50-306911340543}
		{16C5128A-F0F5-426B-9488-D45FF3FC1589} = {A8F55500-5641-4D6A-8B04-873DED3CB42D}
	EndGlobalSection
	GlobalSection(ExtensibilityGlobals) = postSolution
		SolutionGuid = {8C82D783-F786-4F47-8225-2B8632B1579E}
	EndGlobalSection
EndGlobal
